
Microsoft Visual Studio Solution File, Format Version 11.00
# Visual C# Express 2010
Project("{FAE04EC0-301F-11D3-BF4B-00C04F79EFBC}") = "DoggyServer", "DoggyServer\DoggyServer.csproj", "{B315DB54-D6AA-4902-9530-66AC53F956E2}"
EndProject
Project("{FAE04EC0-301F-11D3-BF4B-00C04F79EFBC}") = "DoggyMCP", "DoggyMCP\DoggyMCP.csproj", "{DEF92A9F-1E39-41E3-A647-862DDC69ACB8}"
EndProject
Project("{FAE04EC0-301F-11D3-BF4B-00C04F79EFBC}") = "DoggyClient", "DoggyClient\DoggyClient.csproj", "{85A75CB8-D73D-46BA-966B-CB0040322511}"
EndProject
Global
	GlobalSection(SolutionConfigurationPlatforms) = preSolution
		Debug|Any CPU = Debug|Any CPU
		Debug|Mixed Platforms = Debug|Mixed Platforms
		Debug|x86 = Debug|x86
		Release|Any CPU = Release|Any CPU
		Release|Mixed Platforms = Release|Mixed Platforms
		Release|x86 = Release|x86
	EndGlobalSection
	GlobalSection(ProjectConfigurationPlatforms) = postSolution
		{B315DB54-D6AA-4902-9530-66AC53F956E2}.Debug|Any CPU.ActiveCfg = Debug|Any CPU
		{B315DB54-D6AA-4902-9530-66AC53F956E2}.Debug|Any CPU.Build.0 = Debug|Any CPU
		{B315DB54-D6AA-4902-9530-66AC53F956E2}.Debug|Mixed Platforms.ActiveCfg = Debug|Any CPU
		{B315DB54-D6AA-4902-9530-66AC53F956E2}.Debug|Mixed Platforms.Build.0 = Debug|Any CPU
		{B315DB54-D6AA-4902-9530-66AC53F956E2}.Debug|x86.ActiveCfg = Debug|Any CPU
		{B315DB54-D6AA-4902-9530-66AC53F956E2}.Release|Any CPU.ActiveCfg = Release|Any CPU
		{B315DB54-D6AA-4902-9530-66AC53F956E2}.Release|Any CPU.Build.0 = Release|Any CPU
		{B315DB54-D6AA-4902-9530-66AC53F956E2}.Release|Mixed Platforms.ActiveCfg = Release|Any CPU
		{B315DB54-D6AA-4902-9530-66AC53F956E2}.Release|Mixed Platforms.Build.0 = Release|Any CPU
		{B315DB54-D6AA-4902-9530-66AC53F956E2}.Release|x86.ActiveCfg = Release|Any CPU
		{DEF92A9F-1E39-41E3-A647-862DDC69ACB8}.Debug|Any CPU.ActiveCfg = Debug|x86
		{DEF92A9F-1E39-41E3-A647-862DDC69ACB8}.Debug|Mixed Platforms.ActiveCfg = Debug|x86
		{DEF92A9F-1E39-41E3-A647-862DDC69ACB8}.Debug|Mixed Platforms.Build.0 = Debug|x86
		{DEF92A9F-1E39-41E3-A647-862DDC69ACB8}.Debug|x86.ActiveCfg = Debug|x86
		{DEF92A9F-1E39-41E3-A647-862DDC69ACB8}.Debug|x86.Build.0 = Debug|x86
		{DEF92A9F-1E39-41E3-A647-862DDC69ACB8}.Release|Any CPU.ActiveCfg = Release|x86
		{DEF92A9F-1E39-41E3-A647-862DDC69ACB8}.Release|Mixed Platforms.ActiveCfg = Release|x86
		{DEF92A9F-1E39-41E3-A647-862DDC69ACB8}.Release|Mixed Platforms.Build.0 = Release|x86
		{DEF92A9F-1E39-41E3-A647-862DDC69ACB8}.Release|x86.ActiveCfg = Release|x86
		{DEF92A9F-1E39-41E3-A647-862DDC69ACB8}.Release|x86.Build.0 = Release|x86
		{85A75CB8-D73D-46BA-966B-CB0040322511}.Debug|Any CPU.ActiveCfg = Debug|x86
		{85A75CB8-D73D-46BA-966B-CB0040322511}.Debug|Mixed Platforms.ActiveCfg = Debug|x86
		{85A75CB8-D73D-46BA-966B-CB0040322511}.Debug|Mixed Platforms.Build.0 = Debug|x86
		{85A75CB8-D73D-46BA-966B-CB0040322511}.Debug|x86.ActiveCfg = Debug|x86
		{85A75CB8-D73D-46BA-966B-CB0040322511}.Debug|x86.Build.0 = Debug|x86
		{85A75CB8-D73D-46BA-966B-CB0040322511}.Release|Any CPU.ActiveCfg = Release|x86
		{85A75CB8-D73D-46BA-966B-CB0040322511}.Release|Mixed Platforms.ActiveCfg = Release|x86
		{85A75CB8-D73D-46BA-966B-CB0040322511}.Release|Mixed Platforms.Build.0 = Release|x86
		{85A75CB8-D73D-46BA-966B-CB0040322511}.Release|x86.ActiveCfg = Release|x86
		{85A75CB8-D73D-46BA-966B-CB0040322511}.Release|x86.Build.0 = Release|x86
	EndGlobalSection
	GlobalSection(SolutionProperties) = preSolution
		HideSolutionNode = FALSE
	EndGlobalSection
EndGlobal
